
Microsoft Visual Studio Solution File, Format Version 12.00
# Visual Studio Version 16
VisualStudioVersion = 16.0.28917.182
MinimumVisualStudioVersion = 10.0.40219.1
Project("{FAE04EC0-301F-11D3-BF4B-00C04F79EFBC}") = "ElectricHavoc.RazorBlazor.SideBySide", "ElectricHavoc.RazorBlazor.SideBySide.csproj", "{EF4078A1-45EC-4E09-80D3-367B63251B84}"
EndProject
Global
	GlobalSection(SolutionConfigurationPlatforms) = preSolution
		Debug|Any CPU = Debug|Any CPU
		Release|Any CPU = Release|Any CPU
	EndGlobalSection
	GlobalSection(ProjectConfigurationPlatforms) = postSolution
		{EF4078A1-45EC-4E09-80D3-367B63251B84}.Debug|Any CPU.ActiveCfg = Debug|Any CPU
		{EF4078A1-45EC-4E09-80D3-367B63251B84}.Debug|Any CPU.Build.0 = Debug|Any CPU
		{EF4078A1-45EC-4E09-80D3-367B63251B84}.Release|Any CPU.ActiveCfg = Release|Any CPU
		{EF4078A1-45EC-4E09-80D3-367B63251B84}.Release|Any CPU.Build.0 = Release|Any CPU
	EndGlobalSection
	GlobalSection(SolutionProperties) = preSolution
		HideSolutionNode = FALSE
	EndGlobalSection
	GlobalSection(ExtensibilityGlobals) = postSolution
		SolutionGuid = {639CDB4C-A2F1-46E7-BBC9-B704CF0D424D}
	EndGlobalSection
EndGlobal
